{
  "name": "hra-rui-dashboard",
  "version": "1.0.0",
  "lockfileVersion": 3,
  "requires": true,
  "packages": {
    "": {
      "name": "hra-rui-dashboard",
      "version": "1.0.0",
      "license": "MIT",
      "dependencies": {
        "lodash": "^4.18.1",
        "papaparse": "^5.5.3"
      }
    },
    "node_modules/lodash": {
      "version": "4.18.1",
      "resolved": "https://registry.npmjs.org/lodash/-/lodash-4.18.1.tgz",
      "integrity": "sha512-dMInicTPVE8d1e5otfwmmjlxkZoUpiVLwyeTdUsi/Caj/gfzzblBcCE5sRHV/AsjuCmxWrte2TNGSYuCeCq+0Q==",
      "license": "MIT"
    },
    "node_modules/papaparse": {
      "version": "5.5.3",
      "resolved": "https://registry.npmjs.org/papaparse/-/papaparse-5.5.3.tgz",
      "integrity": "sha512-5QvjGxYVjxO59MGU2lHVYpRWBBtKHnlIAcSe1uNFCkkptUh63NFRj0FJQm7nR67puEruUci/ZkjmEFrjCAyP4A==",
      "license": "MIT"
    }
  }
}
